
Microsoft Visual Studio Solution File, Format Version 12.00
# Visual Studio Version 17
VisualStudioVersion = 17.2.32630.192
MinimumVisualStudioVersion = 10.0.40219.1
Project("{FAE04EC0-301F-11D3-BF4B-00C04F79EFBC}") = "WindowsFormsApp2", "WindowsFormsApp2\WindowsFormsApp2.csproj", "{8063798E-9BB2-4225-896F-6ABEA260A6F7}"
EndProject
Project("{FAE04EC0-301F-11D3-BF4B-00C04F79EFBC}") = "UnitTestProject1", "UnitTestProject1\UnitTestProject1.csproj", "{8AD7BC7B-7703-4143-AF7E-7FDC96F916A0}"
EndProject
Global
	GlobalSection(SolutionConfigurationPlatforms) = preSolution
		Debug|Any CPU = Debug|Any CPU
		Release|Any CPU = Release|Any CPU
	EndGlobalSection
	GlobalSection(ProjectConfigurationPlatforms) = postSolution
		{8063798E-9BB2-4225-896F-6ABEA260A6F7}.Debug|Any CPU.ActiveCfg = Debug|Any CPU
		{8063798E-9BB2-4225-896F-6ABEA260A6F7}.Debug|Any CPU.Build.0 = Debug|Any CPU
		{8063798E-9BB2-4225-896F-6ABEA260A6F7}.Release|Any CPU.ActiveCfg = Release|Any CPU
		{8063798E-9BB2-4225-896F-6ABEA260A6F7}.Release|Any CPU.Build.0 = Release|Any CPU
		{8AD7BC7B-7703-4143-AF7E-7FDC96F916A0}.Debug|Any CPU.ActiveCfg = Debug|Any CPU
		{8AD7BC7B-7703-4143-AF7E-7FDC96F916A0}.Debug|Any CPU.Build.0 = Debug|Any CPU
		{8AD7BC7B-7703-4143-AF7E-7FDC96F916A0}.Release|Any CPU.ActiveCfg = Release|Any CPU
		{8AD7BC7B-7703-4143-AF7E-7FDC96F916A0}.Release|Any CPU.Build.0 = Release|Any CPU
	EndGlobalSection
	GlobalSection(SolutionProperties) = preSolution
		HideSolutionNode = FALSE
	EndGlobalSection
	GlobalSection(ExtensibilityGlobals) = postSolution
		SolutionGuid = {576F1007-EE30-40A0-B5A8-D70B93DCEE39}
	EndGlobalSection
EndGlobal
